version = 1
revision = 3
requires-python = ">=3.12"

[[package]]
name = "codex-status-widget"
version = "0.5.1"
source = { virtual = "." }
dependencies = [
    { name = "gem12-screen" },
    { name = "pillow" },
    { name = "pyside6" },
]

[package.dev-dependencies]
dev = [
    { name = "nuitka" },
    { name = "pytest" },
    { name = "zstandard" },
]

[package.metadata]
requires-dist = [
    { name = "gem12-screen", specifier = ">=0.1.0", index = "https://pypi.org/simple" },
    { name = "pillow", specifier = ">=11.0" },
    { name = "pyside6", specifier = ">=6.7" },
]

[package.metadata.requires-dev]
dev = [
    { name = "nuitka", specifier = ">=4.1.3" },
    { name = "pytest", specifier = ">=8.0" },
    { name = "zstandard", specifier = ">=0.25.0" },
]

[[package]]
name = "colorama"
version = "0.4.6"
source = { registry = "https://mirrors.aliyun.com/pypi/simple/" }
sdist = { url = "https://mirrors.aliyun.com/pypi/packages/d8/53/6f443c9a4a8358a93a6792e2acffb9d9d5cb0a5cfd8802644b7b1c9a02e4/colorama-0.4.6.tar.gz", hash = "sha256:08695f5cb7ed6e0531a20572697297273c47b8cae5a63ffc6d6ed5c201be6e44" }
wheels = [
    { url = "https://mirrors.aliyun.com/pypi/packages/d1/d6/3965ed04c63042e047cb6a3e6ed1a63a35087b6a609aa3a15ed8ac56c221/colorama-0.4.6-py2.py3-none-any.whl", hash = "sha256:4f1d9991f5acc0ca119f9d443620b77f9d6b33703e51011c16baf57afb285fc6" },
]

[[package]]
name = "gem12-screen"
version = "0.1.0"
source = { registry = "https://pypi.org/simple" }
dependencies = [
    { name = "pillow" },
    { name = "pyserial" },
]
sdist = { url = "https://files.pythonhosted.org/packages/e8/df/5e5604ebb10afa5529ce6b7e9109cf0cd7f776021cd8892e360029ca5337/gem12_screen-0.1.0.tar.gz", hash = "sha256:52c415d608e12299650bf06de4635ce1969c71a450f21a9a6adbb679e459637b", size = 595701, upload-time = "2026-10-08T20:32:25.884Z" }
wheels = [
    { url = "https://files.pythonhosted.org/packages/57/88/6f15c87009bcf27742ced0df1fde67b56c952194ea15f8f4aae98363f58e/gem12_screen-0.1.0-py3-none-any.whl", hash = "sha256:e165a88b2178ce2f5fc014d6146b7dba94a8338f1ed1bf9b3c40bbcb602a1f7d", size = 586051, upload-time = "2026-10-08T20:32:24.374Z" },
]

[[package]]
name = "iniconfig"
version = "2.3.0"
source = { registry = "https://mirrors.aliyun.com/pypi/simple/" }
sdist = { url = "https://mirrors.aliyun.com/pypi/packages/72/34/14ca021ce8e5dfedc35312d08ba8bf51fdd999c576889fc2c24cb97f4f10/iniconfig-2.3.0.tar.gz", hash = "sha256:c76315c77db068650d49c5b56314774a7804df16fee4402c1f19d6d15d8c4730" }
wheels = [
    { url = "https://mirrors.aliyun.com/pypi/packages/cb/b1/3846dd7f199d53cb17f49cba7e651e9ce294d8497c8c150530ed11865bb8/iniconfig-2.3.0-py3-none-any.whl", hash = "sha256:f631c04d2c48c52b84d0d0549c99ff3859c98df65b3101406327ecc7d53fbf12" },
]

[[package]]
name = "nuitka"
version = "4.1.3"
source = { registry = "https://mirrors.aliyun.com/pypi/simple/" }
sdist = { url = "https://mirrors.aliyun.com/pypi/packages/3f/d8/bdb7febea4b4fe5d3d6fe2610f946771f03e792e05a5e8ec00b62c00b265/nuitka-4.1.3.tar.gz", hash = "sha256:838ff8899dc2f0b652d4fcf6c5d7466cb7ad5abcb005668ac622d1e40f4d8a8d" }

[[package]]
name = "packaging"
version = "26.2"
source = { registry = "https://mirrors.aliyun.com/pypi/simple/" }
sdist = { url = "https://mirrors.aliyun.com/pypi/packages/d7/f1/e7a6dd94a8d4a5626c03e4e99c87f241ba9e350cd9e6d75123f992427270/packaging-26.2.tar.gz", hash = "sha256:ff452ff5a3e828ce110190feff1178bb1f2ea2281fa2075aadb987c2fb221661" }
wheels = [
    { url = "https://mirrors.aliyun.com/pypi/packages/df/b2/87e62e8c3e2f4b32e5fe99e0b86d576da1312593b39f47d8ceef365e95ed/packaging-26.2-py3-none-any.whl", hash = "sha256:5fc45236b9446107ff2415ce77c807cee2862cb6fac22b8a73826d0693b0980e" },
]

[[package]]
name = "pillow"
version = "12.3.0"
source = { registry = "https://mirrors.aliyun.com/pypi/simple/" }
sdist = { url = "https://mirrors.aliyun.com/pypi/packages/1c/3d/bb7fca845737cf9d7dbde16ed1843984665ff2e0a518f5db43e77ec540b9/pillow-12.3.0.tar.gz", hash = "sha256:3b8182a766685eaa002637e28b4ec8d6b18819a0c71f579bf0dbaa5830297cce" }
wheels = [
    { url = "https://mirrors.aliyun.com/pypi/packages/37/bf/fb3ebff8ddcb76aac5a01389251bbbb9519922a9b520d8247c1ca864a25d/pillow-12.3.0-cp312-cp312-macosx_10_13_x86_64.whl", hash = "sha256:ba09209fbe443b4acccebe845d8a138b89a8f4fbaeedd44953490b5315d5e965" },
    { url = "https://mirrors.aliyun.com/pypi/packages/d8/66/9a386a92561f402389a4fc70c18838bf6d35eb5eb5c6850b4b2dc64f5048/pillow-12.3.0-cp312-cp312-macosx_11_0_arm64.whl", hash = "sha256:ffd0c5368496f41b0944be820fcb7a838aa6e623d250b01acf2643939c3f99d7" },
    { url = "https://mirrors.aliyun.com/pypi/packages/25/27/ac8f99618ffd3dde21db0f4d4b1d2ab00c0880595bfd17df103f7f39fd0c/pillow-12.3.0-cp312-cp312-manylinux_2_27_aarch64.manylinux_2_28_aarch64.whl", hash = "sha256:d9c7f76c0673154f044e9d78c8655fb4213f6ca31a836df48b40fe5d187717b9" },
    { url = "https://mirrors.aliyun.com/pypi/packages/84/21/a35af28dcc61f37ed850a2d64c65c701321dfbf25085e469d5559360cbbf/pillow-12.3.0-cp312-cp312-manylinux_2_27_x86_64.manylinux_2_28_x86_64.whl", hash = "sha256:78cb2c6865a35ab8ff8b75fd122f6033b92a62c82801110e48ddd6c936a45d91" },
    { url = "https://mirrors.aliyun.com/pypi/packages/eb/51/8b08617af3ad95e33ce6d7dd2c99ed6c8298f7fb131636303956be022e25/pillow-12.3.0-cp312-cp312-musllinux_1_2_aarch64.whl", hash = "sha256:e491916b378fba47242221bb9ead245211b70d504f495d105d17b14a24b4907c" },
    { url = "https://mirrors.aliyun.com/pypi/packages/1d/72/cf78ac9780bb93c28328f408973845a309d4d145041665f734572ced1b52/pillow-12.3.0-cp312-cp312-musllinux_1_2_x86_64.whl", hash = "sha256:0dd2064cbc55aaec028ef5fbb60fa47bb6c3e7918e07ff17935284b227a9d2df" },
    { url = "https://mirrors.aliyun.com/pypi/packages/20/20/25e0f4dc178a6bc0696793720055519a0de89e7661dae886992decbd2f81/pillow-12.3.0-cp312-cp312-win32.whl", hash = "sha256:dbce0b29841537a2fa4a214c2bbf14de3587c9680caa9b4e217568472490b28f" },
    { url = "https://mirrors.aliyun.com/pypi/packages/45/89/da2f7971a317f83d807fdd4065c0af40208e59e692cc43d315a71a0e96d1/pillow-12.3.0-cp312-cp312-win_amd64.whl", hash = "sha256:a2b55dd6b2a4c4b7d87ffa56bdb33fdc5fdb9a462173861a7bc097f17d91cb09" },
    { url = "https://mirrors.aliyun.com/pypi/packages/de/47/4845a0a6c0dbf1db8456bd9fc791f13c5ced7ced20606d08a0aacfd25b49/pillow-12.3.0-cp312-cp312-win_arm64.whl", hash = "sha256:331b624368d4f1d069149002f25f44bc61c8919ce8ddb3c45bdad8f6e2d89510" },
    { url = "https://mirrors.aliyun.com/pypi/packages/9d/ac/31fb64e1e7efb5a4b50cd3d92049ba89ac6e4d8d3bb6a74e15048ca3353e/pillow-12.3.0-cp313-cp313-ios_13_0_arm64_iphoneos.whl", hash = "sha256:21900ce7ba264168cd50defae43cd75d25c833ad4ad6e73ffc5596d12e25ac89" },
    { url = "https://mirrors.aliyun.com/pypi/packages/87/b4/9805e23d2b4d77842b468513841fda254ee42f0289d25088340e4ff46e2d/pillow-12.3.0-cp313-cp313-ios_13_0_arm64_iphonesimulator.whl", hash = "sha256:4e8c2a84d977f50b9daed6eeaf3baef67d00d5d74d932288f02cb94518ee3ace" },
    { url = "https://mirrors.aliyun.com/pypi/packages/df/39/ecf519435a200c693fe053a6ee4d835b41cf963a4dfc2551c4e637cb2a71/pillow-12.3.0-cp313-cp313-ios_13_0_x86_64_iphonesimulator.whl", hash = "sha256:ae26d61dfa7a47befdc7572b521024e8745f3d809bd95ca9505a7bba9ef849ec" },
    { url = "https://mirrors.aliyun.com/pypi/packages/42/92/2fc3ffad878ae8dd5469ec1bc8eb83b71f48e13efdf68f02709003982a32/pillow-12.3.0-cp313-cp313-macosx_10_13_x86_64.whl", hash = "sha256:7a743ff716f746fc19a9557f60dab1600d4613255f8a7aeb3cdde4db7eb15a66" },
    { url = "https://mirrors.aliyun.com/pypi/packages/10/76/8803c13605b763d33d156c4678fc77f8443389c0c51c8aef707bb02015f4/pillow-12.3.0-cp313-cp313-macosx_11_0_arm64.whl", hash = "sha256:d69141514cc30b774ceea5e3ed3a6635c8d8a96edf664689b890f4089111fb35" },
    { url = "https://mirrors.aliyun.com/pypi/packages/1f/01/e18aff37cb0b4aac47ac90f016d347a49aca667ef97f190b06ac2aabc928/pillow-12.3.0-cp313-cp313-manylinux_2_27_aarch64.manylinux_2_28_aarch64.whl", hash = "sha256:f7401aebd7f581d7f83a439d87d474999317ee099218e5ad25d125290990ba65" },
    { url = "https://mirrors.aliyun.com/pypi/packages/f7/62/de5bdd77d935331f4f802edc11e4d82950f642caad6cb2f949837b8560e2/pillow-12.3.0-cp313-cp313-manylinux_2_27_x86_64.manylinux_2_28_x86_64.whl", hash = "sha256:0847a763afefb695bc912d7c131e7e0632d4edc1d8698f58ddabec8e46b8b6d3" },
    { url = "https://mirrors.aliyun.com/pypi/packages/70/4d/105627a13300c5e0df1d174230b32fd1273062c96f7745fd552b945d1e1d/pillow-12.3.0-cp313-cp313-musllinux_1_2_aarch64.whl", hash = "sha256:571b9fcb07b97ef3a492028fb3d2dc0993ca23a06138b0315286566d29ef718a" },
    { url = "https://mirrors.aliyun.com/pypi/packages/6b/1d/f13de01a553988ab895ba1c722e06cf3144d4f57656fd5b81b6d881f1179/pillow-12.3.0-cp313-cp313-musllinux_1_2_x86_64.whl", hash = "sha256:756c768d0c9c2955feb7a56c37ea24aea2e369f8d36a88da270b6a9f19e62b5e" },
    { url = "https://mirrors.aliyun.com/pypi/packages/c9/f9/066794cca041b969964f779ee5fa66a9498bbf34248ac39c5d7954e4198f/pillow-12.3.0-cp313-cp313-win32.whl", hash = "sha256:a876864214e136f0eb367788dbd7df045f4806801518e2cfe9e13229cfe06d8f" },
    { url = "https://mirrors.aliyun.com/pypi/packages/a6/9b/7a58e61d62be561da3a356fe2384d4059a6345fc130e23ef1c36a5b81d24/pillow-12.3.0-cp313-cp313-win_amd64.whl", hash = "sha256:1cca606cd25738df4ed873d5ad46bbdb3d83b5cbca291f6b4ff13a4df6b0bbe8" },
    { url = "https://mirrors.aliyun.com/pypi/packages/aa/b0/c4ed4f0ef8f8fa5ee8351537db6650bb8189f7e118842978dd6589065692/pillow-12.3.0-cp313-cp313-win_arm64.whl", hash = "sha256:b629de27fda84b42cde7edef0d85f13b958b47f6e9bbcbba9b673c562a89bd8b" },
    { url = "https://mirrors.aliyun.com/pypi/packages/dc/01/001f65b68192f0228cc1dbbc8d2530ab5d58b61037ba0587f946fea607cd/pillow-12.3.0-cp314-cp314-ios_13_0_arm64_iphoneos.whl", hash = "sha256:9cf95fe4d0f84c82d282745d9bb08ad9f926efa00be4697e767b814ce40d4330" },
    { url = "https://mirrors.aliyun.com/pypi/packages/1a/d2/0219746d0fd16fc8a84498e79452375be3797d3ce4044596ce565164b84f/pillow-12.3.0-cp314-cp314-ios_13_0_arm64_iphonesimulator.whl", hash = "sha256:8728f216dcdb6e6d555cf971cb34076139ad74b31fc2c14da4fafc741c5f6217" },
    { url = "https://mirrors.aliyun.com/pypi/packages/c8/02/8d0bc62ef0302318c46ff2a512822d2610e81c7aa46c9b3abe6cbaca5ad0/pillow-12.3.0-cp314-cp314-ios_13_0_x86_64_iphonesimulator.whl", hash = "sha256:a45650e8ce7fafffd731db8550230db6b0d306d181a90b67d3e6bca2f1990930" },
    { url = "https://mirrors.aliyun.com/pypi/packages/85/e2/73c77d218410b14f5f2d565e8a998d5317b7b9c75368d29985139f7a46f0/pillow-12.3.0-cp314-cp314-macosx_10_15_x86_64.whl", hash = "sha256:ba54cfebe86920a559a7c4d6b9050791c20513650a1952ebe3368c7dc70306f8" },
    { url = "https://mirrors.aliyun.com/pypi/packages/c7/da/32c752228ae345f489e3a42499d817b6c3996da7e8a3bc7a04fc806b243b/pillow-12.3.0-cp314-cp314-macosx_11_0_arm64.whl", hash = "sha256:e158cb00350dc278f3b91551101aa7d12415a66ebf2c91d8d5ac14e56ddd3ad0" },
    { url = "https://mirrors.aliyun.com/pypi/packages/b1/9d/8b2c807dbef61a5197c047afe99823787eb66f63daf9fb2432f91d6f0462/pillow-12.3.0-cp314-cp314-manylinux_2_27_aarch64.manylinux_2_28_aarch64.whl", hash = "sha256:e9aeb04d6aef139de265b29683e119b638208f88cf73cdd1658aa07221165321" },
    { url = "https://mirrors.aliyun.com/pypi/packages/5c/44/c85361f65dbe00eea8576ee467c768d25129989efb76e94f205e9ca9bb46/pillow-12.3.0-cp314-cp314-manylinux_2_27_x86_64.manylinux_2_28_x86_64.whl", hash = "sha256:251bf95b67017e27b13d82f5b326234ca62d70f9cf4c2b9032de2358a3b12c7b" },
    { url = "https://mirrors.aliyun.com/pypi/packages/18/7e/e483414b35800b86b6f08dbbc7803fb5cd52c4d6f897f47d53ea2c7e6f65/pillow-12.3.0-cp314-cp314-musllinux_1_2_aarch64.whl", hash = "sha256:fe3cca2e4e8a592be0f269a1ca4835c25199d9f3ce815c8491048f785b0a0198" },
    { url = "https://mirrors.aliyun.com/pypi/packages/f0/f4/68c491844841ede6bed70189546b3ee9731cf9f2cbad396faff5e1ccba45/pillow-12.3.0-cp314-cp314-musllinux_1_2_x86_64.whl", hash = "sha256:23aceaa007d6172b02c277f0cd359c79492bbb14f7072b4ede9fbcaf20648130" },
    { url = "https://mirrors.aliyun.com/pypi/packages/a3/34/77f3f793fed8efc7d243f21b33c5a3f0d1c97ee70346d3db855587e155ff/pillow-12.3.0-cp314-cp314-win32.whl", hash = "sha256:af8d94b0db561cf68b88a267c5c44b49e134f525d0dc2cb7ed413a66bc23559a" },
    { url = "https://mirrors.aliyun.com/pypi/packages/f1/e0/492879f69d94f91f60fc8cd05ba03650e9520afebb2fb7aa12777d7c7f38/pillow-12.3.0-cp314-cp314-win_amd64.whl", hash = "sha256:fdafc9cce40277e0f7a0feabce0ee50dd2fa1800f3b38015e51296b5e814048d" },
    { url = "https://mirrors.aliyun.com/pypi/packages/c9/ac/6b11f2875f1c2ac040d84e1bbf9cf22a88038f901ca1037898b280b38365/pillow-12.3.0-cp314-cp314-win_arm64.whl", hash = "sha256:e91206ee562682b51b98ef4b26a6ef48fd84e15fd4c4bc5ec768eb641d206838" },
    { url = "https://mirrors.aliyun.com/pypi/packages/52/69/c2208e56af9bfc1913afb24020297a691eb1d4ef688474c8a04913f65e04/pillow-12.3.0-cp314-cp314t-macosx_10_15_x86_64.whl", hash = "sha256:164b31cd1a0490ab6efae01aa5df49da7061be0af1b30e035b6e9a1bfe34ee6e" },
    { url = "https://mirrors.aliyun.com/pypi/packages/07/70/e5686d753e898a45d778ff1718dba8516ead6ab6b95d85fc8c4b70650cf2/pillow-12.3.0-cp314-cp314t-macosx_11_0_arm64.whl", hash = "sha256:5afb51d599ea772b8365ae807ae557f18bccfe46ab261fd1c2a9ed700fc6eb17" },
    { url = "https://mirrors.aliyun.com/pypi/packages/d5/37/25c6692f06927ee973ff18c8d9ee98ad0b4d84ee67a09610c2dd1447958e/pillow-12.3.0-cp314-cp314t-manylinux_2_27_aarch64.manylinux_2_28_aarch64.whl", hash = "sha256:3edce1d53195db527e0191f84b71d02022de0540bf43a16ed734ed7537b07385" },
    { url = "https://mirrors.aliyun.com/pypi/packages/cc/91/420637fcb8f1bc11029e403b4538e6694744428d8246118e45719f944556/pillow-12.3.0-cp314-cp314t-manylinux_2_27_x86_64.manylinux_2_28_x86_64.whl", hash = "sha256:bf16ba1b4d0b6b7c8e534936632270cf70eb00dbe09005bc345b2677b726855c" },
    { url = "https://mirrors.aliyun.com/pypi/packages/10/08/b94d7811281ccf0d143a1cf768d1c49e1e54af63e7b708ab2ee3eb87face/pillow-12.3.0-cp314-cp314t-musllinux_1_2_aarch64.whl", hash = "sha256:24870b09b224f7ae3c39ed07d10e819d06f8720bc551847b1d623832b5b0e28d" },
    { url = "https://mirrors.aliyun.com/pypi/packages/d2/87/24233f785f55474dc02ce3e739c5528a77e3a862e9333d1dd7a25cc31f70/pillow-12.3.0-cp314-cp314t-musllinux_1_2_x86_64.whl", hash = "sha256:30f2aa603c41533cc25c05acd0da21636e84a315768feb631c937177db558931" },
    { url = "https://mirrors.aliyun.com/pypi/packages/23/26/fcb2f6e37175b04f53570b59937867e2b80ee1685e744023153028fc14f9/pillow-12.3.0-cp314-cp314t-win32.whl", hash = "sha256:4b0a7fe987b14c31ebda6083f74f22b561fd3739bc0ac51e019622e3d72668c7" },
    { url = "https://mirrors.aliyun.com/pypi/packages/90/de/3634abee5f1c9e13c56787b7d5517b0ba8d6de51700b95578cf338349c9f/pillow-12.3.0-cp314-cp314t-win_amd64.whl", hash = "sha256:962864dc93511324d51ddbb5b9f8731bf71675b93ca612a07441896f4688fb8c" },
    { url = "https://mirrors.aliyun.com/pypi/packages/ce/2a/fd13f8eb24de5714a6eb444a3d67e2842c6c576e159a43793adf23051351/pillow-12.3.0-cp314-cp314t-win_arm64.whl", hash = "sha256:0740a512dc522224c77d9aa5a8d70d8b7d73fb91f2c21125d8d025d3b8990e45" },
    { url = "https://mirrors.aliyun.com/pypi/packages/5d/dc/8fdce34ec725a33c81c6ba122b904d6b9024e50ea9ac7bede62fab54506c/pillow-12.3.0-cp315-cp315-ios_13_0_arm64_iphoneos.whl", hash = "sha256:0feb2e9d6ad6c9e3c06effe9d00f3f1e618a6643273576b016f591e9315a7139" },
    { url = "https://mirrors.aliyun.com/pypi/packages/76/66/2044b9a63d3b84ff048228dfcb7cd9bf0df983e8470971bf7d4c57b693de/pillow-12.3.0-cp315-cp315-ios_13_0_arm64_iphonesimulator.whl", hash = "sha256:9e881fca225083806662a5c43d627d215f258ff43c890f831966c7d7ba9c7402" },
    { url = "https://mirrors.aliyun.com/pypi/packages/52/7e/1f67e6f4ece6b582ee4b539decbcc9f848dc245a93ed8cd7338bafef72f1/pillow-12.3.0-cp315-cp315-ios_13_0_x86_64_iphonesimulator.whl", hash = "sha256:4998562bf62a445225f22e07c896bb04b35b1b1f2eb6d760584c9c51d7a5f78c" },
    { url = "https://mirrors.aliyun.com/pypi/packages/12/40/d306fc2c8e4d45d7f175c77edca7063be7b86fe7fe6e68f4353bf71d808c/pillow-12.3.0-cp315-cp315-macosx_10_15_x86_64.whl", hash = "sha256:dc624f6bc473dacdf7ef7eb8678d0d08edf15cd94fad6ae5c7d6cc67a4e4902f" },
    { url = "https://mirrors.aliyun.com/pypi/packages/dd/44/668fb1437e8ce420f62d6106eb66e44a5971602a4d794615bdf79315d82d/pillow-12.3.0-cp315-cp315-macosx_11_0_arm64.whl", hash = "sha256:71d6097b330eea8fd15097780c8e89cb1a8ce7838669f48c5bacd6f663dd4701" },
    { url = "https://mirrors.aliyun.com/pypi/packages/0c/08/93fa2e70e30a2d81547e481b6ee2bb9522117221fb1e0ce4b5df70967677/pillow-12.3.0-cp315-cp315-manylinux_2_27_aarch64.manylinux_2_28_aarch64.whl", hash = "sha256:28ce87c5ab450a9dd970b52e5aca5fe63ed432d18a2eaddd1979a00a1ba24ace" },
    { url = "https://mirrors.aliyun.com/pypi/packages/f8/6d/043e96ff814fc31a33077e4cba86082167db520c93632afdf2042febbb0c/pillow-12.3.0-cp315-cp315-manylinux_2_27_x86_64.manylinux_2_28_x86_64.whl", hash = "sha256:6b02afb9b97f65fbca5f31db6a2a3ba21aa93030225f150fa3f249717e938fb4" },
    { url = "https://mirrors.aliyun.com/pypi/packages/af/92/ba71d2ee2ac0edf3fa33bd9d5ee9ee080da70b1766f3ca3934f9938ddac9/pillow-12.3.0-cp315-cp315-musllinux_1_2_aarch64.whl", hash = "sha256:1182d52bc2d5e5d7d0949503aa7e36d12f42205dc287e4883f407b1988820d39" },
    { url = "https://mirrors.aliyun.com/pypi/packages/0f/ce/e63064e2122923ff687c8ad792d0d736a7b3920a56a46982e81a7fdd25d6/pillow-12.3.0-cp315-cp315-musllinux_1_2_x86_64.whl", hash = "sha256:e795b7eb908249c4e43c7c99fac7c2c75dab0c43566e37db472a355f63693d71" },
    { url = "https://mirrors.aliyun.com/pypi/packages/54/76/a09cc3ccc8d773a7283d34c38bec1708f9e3cc932093cbc4c5e71ac4060b/pillow-12.3.0-cp315-cp315-win32.whl", hash = "sha256:57b3d78c95ba9059768b10e28b813002261d3f3dfc55cc48b0c988f625175827" },
    { url = "https://mirrors.aliyun.com/pypi/packages/3e/03/1846c49ba3b1d5550392a4bbd06d6fb4578e1cd91a803198b5c90f5f7d53/pillow-12.3.0-cp315-cp315-win_amd64.whl", hash = "sha256:fa4ecea169a355be7a3ade2c783e2ed12f0e40d2c5621cda8b3297faf7fbb9f5" },
    { url = "https://mirrors.aliyun.com/pypi/packages/fb/bb/89f35dcc79610423f9f195504d7def7f0d1416a711541b42867e25fe3412/pillow-12.3.0-cp315-cp315-win_arm64.whl", hash = "sha256:877c3f311ff35410f690861c4409e7ccbf0cd2f878e50628a28e5a0bb689e658" },
    { url = "https://mirrors.aliyun.com/pypi/packages/30/88/707027ba09942dfa2c28759b5c222d769290a41c6d20ea60ec250801941f/pillow-12.3.0-cp315-cp315t-macosx_10_15_x86_64.whl", hash = "sha256:e9871b1ffbfa9656b60aeee92ed5136a5742696006fa322b29ea3d8da0ecc9cf" },
    { url = "https://mirrors.aliyun.com/pypi/packages/b0/6d/00352fa25332c2569cd387851f568cc5a4b75a9adbfb37ac4fbce4c02eec/pillow-12.3.0-cp315-cp315t-macosx_11_0_arm64.whl", hash = "sha256:53aa02d20d10c3d814d536aa4e5ac9b84ca0ff5a88377963b085ad6822f93e64" },
    { url = "https://mirrors.aliyun.com/pypi/packages/13/4f/9e049dfa21af7c22427275720e2490267ba8138120add5c4c574deb69782/pillow-12.3.0-cp315-cp315t-manylinux_2_27_aarch64.manylinux_2_28_aarch64.whl", hash = "sha256:446c34dcc4324b084a53b705127dc15717b22c5e140ae0a3c38349d4efec071e" },
    { url = "https://mirrors.aliyun.com/pypi/packages/36/16/cf6eeaae8d0fce8dd390a33437cf68c5d5bd73834a2bc6e2f14efda0ab45/pillow-12.3.0-cp315-cp315t-manylinux_2_27_x86_64.manylinux_2_28_x86_64.whl", hash = "sha256:cf1845d02ad822a369a49f2bb9345b1614744267682e7a03527dc3bf6eea1777" },
    { url = "https://mirrors.aliyun.com/pypi/packages/1e/69/dbf769bdd55f48bf5733cac28edc6364ffaa072ec9ba336266e4fe66be55/pillow-12.3.0-cp315-cp315t-musllinux_1_2_aarch64.whl", hash = "sha256:186941b6aef820ad110fb01fb06eb925374dc3a21b17e37ec9a53b250c6fe2d1" },
    { url = "https://mirrors.aliyun.com/pypi/packages/a0/e1/ffc9cfc2eea0d178da8018e18e959301ad9d6bc9f3edb7181e748a474b97/pillow-12.3.0-cp315-cp315t-musllinux_1_2_x86_64.whl", hash = "sha256:f13c32a3abd6079a66d9526e18dad9b6d280384d49d7c54040cd57b6424041d9" },
    { url = "https://mirrors.aliyun.com/pypi/packages/18/f0/a5595c1e8c3ae44b9828cb2f0fa8155e5095ef04d6327b8f61cf44a3df85/pillow-12.3.0-cp315-cp315t-win32.whl", hash = "sha256:1657923d2d45afb66526e5b933e5b3052e6bdea196c90d3abb2424e18c77dae8" },
    { url = "https://mirrors.aliyun.com/pypi/packages/e4/04/62bcd9f844984c5938d3b05264a61d797a29d3e0812341a8204af70bbdee/pillow-12.3.0-cp315-cp315t-win_amd64.whl", hash = "sha256:8cd2f7bdda092d99c9fc2fb7391354f306d01443d22785d0cbfafa2e2c8bb418" },
    { url = "https://mirrors.aliyun.com/pypi/packages/3d/68/1f3066acedf37673694a7141381d8f811ae97f30d34413d236abe7d489f1/pillow-12.3.0-cp315-cp315t-win_arm64.whl", hash = "sha256:06ff022112bc9cbf83b60f8e028d94ad87b60621706487e65f673de61610ab59" },
]

[[package]]
name = "pluggy"
version = "1.6.0"
source = { registry = "https://mirrors.aliyun.com/pypi/simple/" }
sdist = { url = "https://mirrors.aliyun.com/pypi/packages/f9/e2/3e91f31a7d2b083fe6ef3fa267035b518369d9511ffab804f839851d2779/pluggy-1.6.0.tar.gz", hash = "sha256:7dcc130b76258d33b90f61b658791dede3486c3e6bfb003ee5c9bfb396dd22f3" }
wheels = [
    { url = "https://mirrors.aliyun.com/pypi/packages/54/20/4d324d65cc6d9205fabedc306948156824eb9f0ee1633355a8f7ec5c66bf/pluggy-1.6.0-py3-none-any.whl", hash = "sha256:e920276dd6813095e9377c0bc5566d94c932c33b27a3e3945d8389c374dd4746" },
]

[[package]]
name = "pygments"
version = "2.20.0"
source = { registry = "https://mirrors.aliyun.com/pypi/simple/" }
sdist = { url = "https://mirrors.aliyun.com/pypi/packages/c3/b2/bc9c9196916376152d655522fdcebac55e66de6603a76a02bca1b6414f6c/pygments-2.20.0.tar.gz", hash = "sha256:6757cd03768053ff99f3039c1a36d6c0aa0b263438fcab17520b30a303a82b5f" }
wheels = [
    { url = "https://mirrors.aliyun.com/pypi/packages/f4/7e/a72dd26f3b0f4f2bf1dd8923c85f7ceb43172af56d63c7383eb62b332364/pygments-2.20.0-py3-none-any.whl", hash = "sha256:81a9e26dd42fd28a23a2d169d86d7ac03b46e2f8b59ed4698fb4785f946d0176" },
]

[[package]]
name = "pyserial"
version = "3.5"
source = { registry = "https://mirrors.aliyun.com/pypi/simple/" }
sdist = { url = "https://mirrors.aliyun.com/pypi/packages/1e/7d/ae3f0a63f41e4d2f6cb66a5b57197850f919f59e558159a4dd3a818f5082/pyserial-3.5.tar.gz", hash = "sha256:3c77e014170dfffbd816e6ffc205e9842efb10be9f58ec16d3e8675b4925cddb" }
wheels = [
    { url = "https://mirrors.aliyun.com/pypi/packages/07/bc/587a445451b253b285629263eb51c2d8e9bcea4fc97826266d186f96f558/pyserial-3.5-py2.py3-none-any.whl", hash = "sha256:c4451db6ba391ca6ca299fb3ec7bae67a5c55dde170964c7a14ceefec02f2cf0" },
]

[[package]]
name = "pyside6"
version = "6.11.1"
source = { registry = "https://mirrors.aliyun.com/pypi/simple/" }
dependencies = [
    { name = "pyside6-addons" },
    { name = "pyside6-essentials" },
    { name = "shiboken6" },
]
wheels = [
    { url = "https://mirrors.aliyun.com/pypi/packages/da/a6/27ba5947ed48918f7b74b7c43a1e280aac069e36f25adeb4c9adfac835c4/pyside6-6.11.1-cp310-abi3-macosx_13_0_universal2.whl", hash = "sha256:537682c3b7530817203e667c1f5a2f00486b37bf52c52eeab438544c7a0917f6" },
    { url = "https://mirrors.aliyun.com/pypi/packages/d8/de/af89d71410c83b10654d86ff9aff2a4f87c30163658f1cc145242e222526/pyside6-6.11.1-cp310-abi3-manylinux_2_34_x86_64.whl", hash = "sha256:b1fc521ba2bb5109425ab8add06bddbdd524abcad06cfa012cc39a22a189feb2" },
    { url = "https://mirrors.aliyun.com/pypi/packages/b6/0e/d583bd3f7bf5046a4497b36f3902cfb64aa29554489a5a25c18e6b4ac0ac/pyside6-6.11.1-cp310-abi3-manylinux_2_39_aarch64.whl", hash = "sha256:75f0005c3eb95c07cfb65522ec50d0815ac007a96482c21dc3cb4b4c04895d84" },
    { url = "https://mirrors.aliyun.com/pypi/packages/57/f2/d9d8ce1373dabb37e5919f63cd18446556079631d3f2eea3ada03c29f6b8/pyside6-6.11.1-cp310-abi3-win_amd64.whl", hash = "sha256:0968877ab1fb4ef3587a284da6fe05e8647ada56a6a3750b6395188e01f4aba6" },
    { url = "https://mirrors.aliyun.com/pypi/packages/96/02/a6057d8bd2bdb1940820fff2d627fdf4013148c9c57adf69fa40d3452ac3/pyside6-6.11.1-cp310-abi3-win_arm64.whl", hash = "sha256:acee467cb5f256cc47ebb9d815a054c1d8416da380c191b247a76d164aa3f805" },
]

[[package]]
name = "pyside6-addons"
version = "6.11.1"
source = { registry = "https://mirrors.aliyun.com/pypi/simple/" }
dependencies = [
    { name = "pyside6-essentials" },
    { name = "shiboken6" },
]
wheels = [
    { url = "https://mirrors.aliyun.com/pypi/packages/3f/6b/8bc94aff48b63f788f2d84e5467c12362d68906ba742c0942f46cb04c879/pyside6_addons-6.11.1-cp310-abi3-macosx_13_0_universal2.whl", hash = "sha256:54733c77f789bef5f03c6aff4ad3bec8b2eff021f0cfcbc53d5e6c250ded24f9" },
    { url = "https://mirrors.aliyun.com/pypi/packages/dd/62/fb1428a523b2a4541e232aab50d9e789e6b4526f37fd9593452a7ea5b6b3/pyside6_addons-6.11.1-cp310-abi3-manylinux_2_34_x86_64.whl", hash = "sha256:8e6c65fbd73a512d6f72cda8d8277444a85a34dc99dd1dae9c21d35b8671bb1f" },
    { url = "https://mirrors.aliyun.com/pypi/packages/ee/9b/2ccd52f66db55c06de65d0501170a1935d04d64d0a230c0d892284a02ce3/pyside6_addons-6.11.1-cp310-abi3-manylinux_2_39_aarch64.whl", hash = "sha256:bf1c6c4e954e5eba3d2a7c661ad4b9689e8f09c7f4a16bdf29713371d11af993" },
    { url = "https://mirrors.aliyun.com/pypi/packages/9a/bd/8adc4d350b3b363f3dfc8fccdcf5bfed25f7e36c2fff30c64e106f4f1572/pyside6_addons-6.11.1-cp310-abi3-win_amd64.whl", hash = "sha256:0d13c4dfd671b050a48e4f8d8ddc724b7248f9c0437e7fc47fdf316278572923" },
    { url = "https://mirrors.aliyun.com/pypi/packages/65/b7/9a840d97f0f0f04e372a87e205dd30ee285b4e3b021b188459a917c9dc76/pyside6_addons-6.11.1-cp310-abi3-win_arm64.whl", hash = "sha256:3494f480dee92f415be2f2d989c0b3f4755ac332b28045cbf4ba0f5c5a22ba37" },
]

[[package]]
name = "pyside6-essentials"
version = "6.11.1"
source = { registry = "https://mirrors.aliyun.com/pypi/simple/" }
dependencies = [
    { name = "shiboken6" },
]
wheels = [
    { url = "https://mirrors.aliyun.com/pypi/packages/b3/da/10d9197e7370eb4fed8df5fc547b7548dec88e5c5949e2d450db4ae96feb/pyside6_essentials-6.11.1-cp310-abi3-macosx_13_0_universal2.whl", hash = "sha256:228de53c2bc26b07e5021fbe3614fc44ca08e4dab9999af08c2b389d2c239957" },
    { url = "https://mirrors.aliyun.com/pypi/packages/5c/49/0e1237c4400bec7e335d2c4eeb49bc40d9fd88a9ac44ca9083ce1abdc308/pyside6_essentials-6.11.1-cp310-abi3-manylinux_2_34_x86_64.whl", hash = "sha256:e3ef7027b41e4e55fadb56e3b3257dc8ee92154b639fe67fc4c8e05e9d976c60" },
    { url = "https://mirrors.aliyun.com/pypi/packages/4c/c5/da4c5f23c6540ac5211a1f60177c8dee84b1bf40f2719479587ab8c60731/pyside6_essentials-6.11.1-cp310-abi3-manylinux_2_39_aarch64.whl", hash = "sha256:a039b6da68a3a4b9d243217b2b98d475eed3f617159ef6be925badab53c11b0d" },
    { url = "https://mirrors.aliyun.com/pypi/packages/64/0e/b663ecc96ca57b5c91b83b6615d6b174380b0faf30338125c26e053d6aa7/pyside6_essentials-6.11.1-cp310-abi3-win_amd64.whl", hash = "sha256:63311bd48e32c584599ab04b9ef7c324082374cd2c9fa533f978fb893bb47e40" },
    { url = "https://mirrors.aliyun.com/pypi/packages/f1/12/eb6723faf5cb7fa581145da1c15f40d641b96e080f0491af2f1859fdeedb/pyside6_essentials-6.11.1-cp310-abi3-win_arm64.whl", hash = "sha256:11253ea52aabecefe9febddbbe78b43a824129e3af1cec98431028fba7fa954f" },
]

[[package]]
name = "pytest"
version = "9.1.0"
source = { registry = "https://mirrors.aliyun.com/pypi/simple/" }
dependencies = [
    { name = "colorama", marker = "sys_platform == 'win32'" },
    { name = "iniconfig" },
    { name = "packaging" },
    { name = "pluggy" },
    { name = "pygments" },
]
sdist = { url = "https://mirrors.aliyun.com/pypi/packages/84/0e/b5858858d74958632c49b72cb25a3976ff9f632397626715be71c89d3971/pytest-9.1.0.tar.gz", hash = "sha256:41dd9148c08072446394cefd3d79701701335a9f4cae69ba92e39f6c7f5c061c" }
wheels = [
    { url = "https://mirrors.aliyun.com/pypi/packages/8b/5a/ba30a81239b909821b3153e303e7def45178bf353da4f72380e6c5e8793b/pytest-9.1.0-py3-none-any.whl", hash = "sha256:8ebb0e7888bdf2bdfc602ec51f8f62d50200af37356c74e503c79a94f5c81f32" },
]

[[package]]
name = "shiboken6"
version = "6.11.1"
source = { registry = "https://mirrors.aliyun.com/pypi/simple/" }
wheels = [
    { url = "https://mirrors.aliyun.com/pypi/packages/17/f3/f2b63df0251e7cd3172ea28e32ede52739de9566bcefcd0178681538ac81/shiboken6-6.11.1-cp310-abi3-macosx_13_0_universal2.whl", hash = "sha256:1a16867f103ef1c662a5f09dfed03273a9f81688b174555162c58e83650a3f02" },
    { url = "https://mirrors.aliyun.com/pypi/packages/c7/9b/e0355d8897b5c150770f1d95718aad17d432fcc9c035c04f3f58427d4693/shiboken6-6.11.1-cp310-abi3-manylinux_2_34_x86_64.whl", hash = "sha256:9a8bccfafc8805254cabcfa1edfaf55cd52889f4998c91ad0d9a4433fb1bcdbe" },
    { url = "https://mirrors.aliyun.com/pypi/packages/57/d5/dd4f1defed400be03340f2ede34b61f846776650b4e7ed9ebaf4c71979a2/shiboken6-6.11.1-cp310-abi3-manylinux_2_39_aarch64.whl", hash = "sha256:1bd2f4314414df2d122d9f646e03b731bc6d6b5f77a5f53f99a4fe4e97d84e6f" },
    { url = "https://mirrors.aliyun.com/pypi/packages/52/b5/3f6fb2ee65b534193fb4ef713dd619dc31dadff5d12c16979a7699ad58be/shiboken6-6.11.1-cp310-abi3-win_amd64.whl", hash = "sha256:c2c6863aa80ec18c0f82cea3417837b279cdc60024ac17123461dc9042577df7" },
    { url = "https://mirrors.aliyun.com/pypi/packages/98/d1/f15ca0e1666faae02c945f48e745ea35f8fcd8243b176109b4e2c4251f47/shiboken6-6.11.1-cp310-abi3-win_arm64.whl", hash = "sha256:7c8d9af17db4495d4fa5b1c393f218311c4855546b9dfa6a0bd21bcd66b55e9d" },
]

[[package]]
name = "zstandard"
version = "0.25.0"
source = { registry = "https://mirrors.aliyun.com/pypi/simple/" }
sdist = { url = "https://mirrors.aliyun.com/pypi/packages/fd/aa/3e0508d5a5dd96529cdc5a97011299056e14c6505b678fd58938792794b1/zstandard-0.25.0.tar.gz", hash = "sha256:7713e1179d162cf5c7906da876ec2ccb9c3a9dcbdffef0cc7f70c3667a205f0b" }
wheels = [
    { url = "https://mirrors.aliyun.com/pypi/packages/82/fc/f26eb6ef91ae723a03e16eddb198abcfce2bc5a42e224d44cc8b6765e57e/zstandard-0.25.0-cp312-cp312-macosx_10_13_x86_64.whl", hash = "sha256:7b3c3a3ab9daa3eed242d6ecceead93aebbb8f5f84318d82cee643e019c4b73b" },
    { url = "https://mirrors.aliyun.com/pypi/packages/aa/1c/d920d64b22f8dd028a8b90e2d756e431a5d86194caa78e3819c7bf53b4b3/zstandard-0.25.0-cp312-cp312-macosx_11_0_arm64.whl", hash = "sha256:913cbd31a400febff93b564a23e17c3ed2d56c064006f54efec210d586171c00" },
    { url = "https://mirrors.aliyun.com/pypi/packages/53/6c/288c3f0bd9fcfe9ca41e2c2fbfd17b2097f6af57b62a81161941f09afa76/zstandard-0.25.0-cp312-cp312-manylinux2010_i686.manylinux2014_i686.manylinux_2_12_i686.manylinux_2_17_i686.whl", hash = "sha256:011d388c76b11a0c165374ce660ce2c8efa8e5d87f34996aa80f9c0816698b64" },
    { url = "https://mirrors.aliyun.com/pypi/packages/1e/15/efef5a2f204a64bdb5571e6161d49f7ef0fffdbca953a615efbec045f60f/zstandard-0.25.0-cp312-cp312-manylinux2014_aarch64.manylinux_2_17_aarch64.whl", hash = "sha256:6dffecc361d079bb48d7caef5d673c88c8988d3d33fb74ab95b7ee6da42652ea" },
    { url = "https://mirrors.aliyun.com/pypi/packages/b7/37/a6ce629ffdb43959e92e87ebdaeebb5ac81c944b6a75c9c47e300f85abdf/zstandard-0.25.0-cp312-cp312-manylinux2014_ppc64le.manylinux_2_17_ppc64le.whl", hash = "sha256:7149623bba7fdf7e7f24312953bcf73cae103db8cae49f8154dd1eadc8a29ecb" },
    { url = "https://mirrors.aliyun.com/pypi/packages/e3/79/2bf870b3abeb5c070fe2d670a5a8d1057a8270f125ef7676d29ea900f496/zstandard-0.25.0-cp312-cp312-manylinux2014_s390x.manylinux_2_17_s390x.whl", hash = "sha256:6a573a35693e03cf1d67799fd01b50ff578515a8aeadd4595d2a7fa9f3ec002a" },
    { url = "https://mirrors.aliyun.com/pypi/packages/53/60/7be26e610767316c028a2cbedb9a3beabdbe33e2182c373f71a1c0b88f36/zstandard-0.25.0-cp312-cp312-manylinux2014_x86_64.manylinux_2_17_x86_64.whl", hash = "sha256:5a56ba0db2d244117ed744dfa8f6f5b366e14148e00de44723413b2f3938a902" },
    { url = "https://mirrors.aliyun.com/pypi/packages/85/c7/3483ad9ff0662623f3648479b0380d2de5510abf00990468c286c6b04017/zstandard-0.25.0-cp312-cp312-musllinux_1_1_aarch64.whl", hash = "sha256:10ef2a79ab8e2974e2075fb984e5b9806c64134810fac21576f0668e7ea19f8f" },
    { url = "https://mirrors.aliyun.com/pypi/packages/08/b3/206883dd25b8d1591a1caa44b54c2aad84badccf2f1de9e2d60a446f9a25/zstandard-0.25.0-cp312-cp312-musllinux_1_1_x86_64.whl", hash = "sha256:aaf21ba8fb76d102b696781bddaa0954b782536446083ae3fdaa6f16b25a1c4b" },
    { url = "https://mirrors.aliyun.com/pypi/packages/9d/31/76c0779101453e6c117b0ff22565865c54f48f8bd807df2b00c2c404b8e0/zstandard-0.25.0-cp312-cp312-musllinux_1_2_aarch64.whl", hash = "sha256:1869da9571d5e94a85a5e8d57e4e8807b175c9e4a6294e3b66fa4efb074d90f6" },
    { url = "https://mirrors.aliyun.com/pypi/packages/18/e1/97680c664a1bf9a247a280a053d98e251424af51f1b196c6d52f117c9720/zstandard-0.25.0-cp312-cp312-musllinux_1_2_i686.whl", hash = "sha256:809c5bcb2c67cd0ed81e9229d227d4ca28f82d0f778fc5fea624a9def3963f91" },
    { url = "https://mirrors.aliyun.com/pypi/packages/1e/73/316e4010de585ac798e154e88fd81bb16afc5c5cb1a72eeb16dd37e8024a/zstandard-0.25.0-cp312-cp312-musllinux_1_2_ppc64le.whl", hash = "sha256:f27662e4f7dbf9f9c12391cb37b4c4c3cb90ffbd3b1fb9284dadbbb8935fa708" },
    { url = "https://mirrors.aliyun.com/pypi/packages/5b/60/dd0f8cfa8129c5a0ce3ea6b7f70be5b33d2618013a161e1ff26c2b39787c/zstandard-0.25.0-cp312-cp312-musllinux_1_2_s390x.whl", hash = "sha256:99c0c846e6e61718715a3c9437ccc625de26593fea60189567f0118dc9db7512" },
    { url = "https://mirrors.aliyun.com/pypi/packages/fc/5f/75aafd4b9d11b5407b641b8e41a57864097663699f23e9ad4dbb91dc6bfe/zstandard-0.25.0-cp312-cp312-musllinux_1_2_x86_64.whl", hash = "sha256:474d2596a2dbc241a556e965fb76002c1ce655445e4e3bf38e5477d413165ffa" },
    { url = "https://mirrors.aliyun.com/pypi/packages/ff/8d/0309daffea4fcac7981021dbf21cdb2e3427a9e76bafbcdbdf5392ff99a4/zstandard-0.25.0-cp312-cp312-win32.whl", hash = "sha256:23ebc8f17a03133b4426bcc04aabd68f8236eb78c3760f12783385171b0fd8bd" },
    { url = "https://mirrors.aliyun.com/pypi/packages/79/3b/fa54d9015f945330510cb5d0b0501e8253c127cca7ebe8ba46a965df18c5/zstandard-0.25.0-cp312-cp312-win_amd64.whl", hash = "sha256:ffef5a74088f1e09947aecf91011136665152e0b4b359c42be3373897fb39b01" },
    { url = "https://mirrors.aliyun.com/pypi/packages/ea/6b/8b51697e5319b1f9ac71087b0af9a40d8a6288ff8025c36486e0c12abcc4/zstandard-0.25.0-cp312-cp312-win_arm64.whl", hash = "sha256:181eb40e0b6a29b3cd2849f825e0fa34397f649170673d385f3598ae17cca2e9" },
    { url = "https://mirrors.aliyun.com/pypi/packages/35/0b/8df9c4ad06af91d39e94fa96cc010a24ac4ef1378d3efab9223cc8593d40/zstandard-0.25.0-cp313-cp313-macosx_10_13_x86_64.whl", hash = "sha256:ec996f12524f88e151c339688c3897194821d7f03081ab35d31d1e12ec975e94" },
    { url = "https://mirrors.aliyun.com/pypi/packages/3f/06/9ae96a3e5dcfd119377ba33d4c42a7d89da1efabd5cb3e366b156c45ff4d/zstandard-0.25.0-cp313-cp313-macosx_11_0_arm64.whl", hash = "sha256:a1a4ae2dec3993a32247995bdfe367fc3266da832d82f8438c8570f989753de1" },
    { url = "https://mirrors.aliyun.com/pypi/packages/d9/14/933d27204c2bd404229c69f445862454dcc101cd69ef8c6068f15aaec12c/zstandard-0.25.0-cp313-cp313-manylinux2010_i686.manylinux2014_i686.manylinux_2_12_i686.manylinux_2_17_i686.whl", hash = "sha256:e96594a5537722fdfb79951672a2a63aec5ebfb823e7560586f7484819f2a08f" },
    { url = "https://mirrors.aliyun.com/pypi/packages/6d/db/ddb11011826ed7db9d0e485d13df79b58586bfdec56e5c84a928a9a78c1c/zstandard-0.25.0-cp313-cp313-manylinux2014_aarch64.manylinux_2_17_aarch64.whl", hash = "sha256:bfc4e20784722098822e3eee42b8e576b379ed72cca4a7cb856ae733e62192ea" },
    { url = "https://mirrors.aliyun.com/pypi/packages/db/00/87466ea3f99599d02a5238498b87bf84a6348290c19571051839ca943777/zstandard-0.25.0-cp313-cp313-manylinux2014_ppc64le.manylinux_2_17_ppc64le.whl", hash = "sha256:457ed498fc58cdc12fc48f7950e02740d4f7ae9493dd4ab2168a47c93c31298e" },
    { url = "https://mirrors.aliyun.com/pypi/packages/2b/95/fc5531d9c618a679a20ff6c29e2b3ef1d1f4ad66c5e161ae6ff847d102a9/zstandard-0.25.0-cp313-cp313-manylinux2014_s390x.manylinux_2_17_s390x.whl", hash = "sha256:fd7a5004eb1980d3cefe26b2685bcb0b17989901a70a1040d1ac86f1d898c551" },
    { url = "https://mirrors.aliyun.com/pypi/packages/63/4b/e3678b4e776db00f9f7b2fe58e547e8928ef32727d7a1ff01dea010f3f13/zstandard-0.25.0-cp313-cp313-manylinux2014_x86_64.manylinux_2_17_x86_64.whl", hash = "sha256:8e735494da3db08694d26480f1493ad2cf86e99bdd53e8e9771b2752a5c0246a" },
    { url = "https://mirrors.aliyun.com/pypi/packages/4e/d5/ba05ed95c6b8ec30bd468dfeab20589f2cf709b5c940483e31d991f2ca58/zstandard-0.25.0-cp313-cp313-musllinux_1_1_aarch64.whl", hash = "sha256:3a39c94ad7866160a4a46d772e43311a743c316942037671beb264e395bdd611" },
    { url = "https://mirrors.aliyun.com/pypi/packages/50/d5/870aa06b3a76c73eced65c044b92286a3c4e00554005ff51962deef28e28/zstandard-0.25.0-cp313-cp313-musllinux_1_1_x86_64.whl", hash = "sha256:172de1f06947577d3a3005416977cce6168f2261284c02080e7ad0185faeced3" },
    { url = "https://mirrors.aliyun.com/pypi/packages/5d/35/398dc2ffc89d304d59bc12f0fdd931b4ce455bddf7038a0a67733a25f550/zstandard-0.25.0-cp313-cp313-musllinux_1_2_aarch64.whl", hash = "sha256:3c83b0188c852a47cd13ef3bf9209fb0a77fa5374958b8c53aaa699398c6bd7b" },
    { url = "https://mirrors.aliyun.com/pypi/packages/9a/5c/36ba1e5507d56d2213202ec2b05e8541734af5f2ce378c5d1ceaf4d88dc4/zstandard-0.25.0-cp313-cp313-musllinux_1_2_i686.whl", hash = "sha256:1673b7199bbe763365b81a4f3252b8e80f44c9e323fc42940dc8843bfeaf9851" },
    { url = "https://mirrors.aliyun.com/pypi/packages/70/e8/2ec6b6fb7358b2ec0113ae202647ca7c0e9d15b61c005ae5225ad0995df5/zstandard-0.25.0-cp313-cp313-musllinux_1_2_ppc64le.whl", hash = "sha256:0be7622c37c183406f3dbf0cba104118eb16a4ea7359eeb5752f0794882fc250" },
    { url = "https://mirrors.aliyun.com/pypi/packages/7b/01/b5f4d4dbc59ef193e870495c6f1275f5b2928e01ff5a81fecb22a06e22fb/zstandard-0.25.0-cp313-cp313-musllinux_1_2_s390x.whl", hash = "sha256:5f5e4c2a23ca271c218ac025bd7d635597048b366d6f31f420aaeb715239fc98" },
    { url = "https://mirrors.aliyun.com/pypi/packages/b2/e5/fbd822d5c6f427cf158316d012c5a12f233473c2f9c5fe5ab1ae5d21f3d8/zstandard-0.25.0-cp313-cp313-musllinux_1_2_x86_64.whl", hash = "sha256:4f187a0bb61b35119d1926aee039524d1f93aaf38a9916b8c4b78ac8514a0aaf" },
    { url = "https://mirrors.aliyun.com/pypi/packages/8e/e0/69a553d2047f9a2c7347caa225bb3a63b6d7704ad74610cb7823baa08ed7/zstandard-0.25.0-cp313-cp313-win32.whl", hash = "sha256:7030defa83eef3e51ff26f0b7bfb229f0204b66fe18e04359ce3474ac33cbc09" },
    { url = "https://mirrors.aliyun.com/pypi/packages/d9/82/b9c06c870f3bd8767c201f1edbdf9e8dc34be5b0fbc5682c4f80fe948475/zstandard-0.25.0-cp313-cp313-win_amd64.whl", hash = "sha256:1f830a0dac88719af0ae43b8b2d6aef487d437036468ef3c2ea59c51f9d55fd5" },
    { url = "https://mirrors.aliyun.com/pypi/packages/d4/57/60c3c01243bb81d381c9916e2a6d9e149ab8627c0c7d7abb2d73384b3c0c/zstandard-0.25.0-cp313-cp313-win_arm64.whl", hash = "sha256:85304a43f4d513f5464ceb938aa02c1e78c2943b29f44a750b48b25ac999a049" },
    { url = "https://mirrors.aliyun.com/pypi/packages/3d/5c/f8923b595b55fe49e30612987ad8bf053aef555c14f05bb659dd5dbe3e8a/zstandard-0.25.0-cp314-cp314-macosx_10_13_x86_64.whl", hash = "sha256:e29f0cf06974c899b2c188ef7f783607dbef36da4c242eb6c82dcd8b512855e3" },
    { url = "https://mirrors.aliyun.com/pypi/packages/8d/09/d0a2a14fc3439c5f874042dca72a79c70a532090b7ba0003be73fee37ae2/zstandard-0.25.0-cp314-cp314-macosx_11_0_arm64.whl", hash = "sha256:05df5136bc5a011f33cd25bc9f506e7426c0c9b3f9954f056831ce68f3b6689f" },
    { url = "https://mirrors.aliyun.com/pypi/packages/5d/7c/8b6b71b1ddd517f68ffb55e10834388d4f793c49c6b83effaaa05785b0b4/zstandard-0.25.0-cp314-cp314-manylinux2010_i686.manylinux_2_12_i686.manylinux_2_28_i686.whl", hash = "sha256:f604efd28f239cc21b3adb53eb061e2a205dc164be408e553b41ba2ffe0ca15c" },
    { url = "https://mirrors.aliyun.com/pypi/packages/a4/86/a48e56320d0a17189ab7a42645387334fba2200e904ee47fc5a26c1fd8ca/zstandard-0.25.0-cp314-cp314-manylinux2014_aarch64.manylinux_2_17_aarch64.manylinux_2_28_aarch64.whl", hash = "sha256:223415140608d0f0da010499eaa8ccdb9af210a543fac54bce15babbcfc78439" },
    { url = "https://mirrors.aliyun.com/pypi/packages/f8/ad/eb659984ee2c0a779f9d06dbfe45e2dc39d99ff40a319895df2d3d9a48e5/zstandard-0.25.0-cp314-cp314-manylinux2014_ppc64le.manylinux_2_17_ppc64le.manylinux_2_28_ppc64le.whl", hash = "sha256:2e54296a283f3ab5a26fc9b8b5d4978ea0532f37b231644f367aa588930aa043" },
    { url = "https://mirrors.aliyun.com/pypi/packages/61/b3/b637faea43677eb7bd42ab204dfb7053bd5c4582bfe6b1baefa80ac0c47b/zstandard-0.25.0-cp314-cp314-manylinux2014_s390x.manylinux_2_17_s390x.manylinux_2_28_s390x.whl", hash = "sha256:ca54090275939dc8ec5dea2d2afb400e0f83444b2fc24e07df7fdef677110859" },
    { url = "https://mirrors.aliyun.com/pypi/packages/31/dc/cc50210e11e465c975462439a492516a73300ab8caa8f5e0902544fd748b/zstandard-0.25.0-cp314-cp314-manylinux2014_x86_64.manylinux_2_17_x86_64.manylinux_2_28_x86_64.whl", hash = "sha256:e09bb6252b6476d8d56100e8147b803befa9a12cea144bbe629dd508800d1ad0" },
    { url = "https://mirrors.aliyun.com/pypi/packages/c9/ae/56523ae9c142f0c08efd5e868a6da613ae76614eca1305259c3bf6a0ed43/zstandard-0.25.0-cp314-cp314-musllinux_1_2_aarch64.whl", hash = "sha256:a9ec8c642d1ec73287ae3e726792dd86c96f5681eb8df274a757bf62b750eae7" },
    { url = "https://mirrors.aliyun.com/pypi/packages/98/cf/c899f2d6df0840d5e384cf4c4121458c72802e8bda19691f3b16619f51e9/zstandard-0.25.0-cp314-cp314-musllinux_1_2_i686.whl", hash = "sha256:a4089a10e598eae6393756b036e0f419e8c1d60f44a831520f9af41c14216cf2" },
    { url = "https://mirrors.aliyun.com/pypi/packages/1b/c0/59e912a531d91e1c192d3085fc0f6fb2852753c301a812d856d857ea03c6/zstandard-0.25.0-cp314-cp314-musllinux_1_2_ppc64le.whl", hash = "sha256:f67e8f1a324a900e75b5e28ffb152bcac9fbed1cc7b43f99cd90f395c4375344" },
    { url = "https://mirrors.aliyun.com/pypi/packages/a0/1d/7e31db1240de2df22a58e2ea9a93fc6e38cc29353e660c0272b6735d6669/zstandard-0.25.0-cp314-cp314-musllinux_1_2_s390x.whl", hash = "sha256:9654dbc012d8b06fc3d19cc825af3f7bf8ae242226df5f83936cb39f5fdc846c" },
    { url = "https://mirrors.aliyun.com/pypi/packages/f6/49/fac46df5ad353d50535e118d6983069df68ca5908d4d65b8c466150a4ff1/zstandard-0.25.0-cp314-cp314-musllinux_1_2_x86_64.whl", hash = "sha256:4203ce3b31aec23012d3a4cf4a2ed64d12fea5269c49aed5e4c3611b938e4088" },
    { url = "https://mirrors.aliyun.com/pypi/packages/c2/38/f249a2050ad1eea0bb364046153942e34abba95dd5520af199aed86fbb49/zstandard-0.25.0-cp314-cp314-win32.whl", hash = "sha256:da469dc041701583e34de852d8634703550348d5822e66a0c827d39b05365b12" },
    { url = "https://mirrors.aliyun.com/pypi/packages/3a/43/241f9615bcf8ba8903b3f0432da069e857fc4fd1783bd26183db53c4804b/zstandard-0.25.0-cp314-cp314-win_amd64.whl", hash = "sha256:c19bcdd826e95671065f8692b5a4aa95c52dc7a02a4c5a0cac46deb879a017a2" },
    { url = "https://mirrors.aliyun.com/pypi/packages/f0/ef/da163ce2450ed4febf6467d77ccb4cd52c4c30ab45624bad26ca0a27260c/zstandard-0.25.0-cp314-cp314-win_arm64.whl", hash = "sha256:d7541afd73985c630bafcd6338d2518ae96060075f9463d7dc14cfb33514383d" },
]
